DEPENDENCIES
  BowlApp
    path: BowlApp
  mongodb
  poise-python

GRAPH
  BowlApp (0.1.0)
    mongodb (>= 0.0.0)
    poise-python (>= 0.0.0)
  apt (4.0.1)
    compat_resource (>= 12.10)
  build-essential (6.0.0)
    compat_resource (>= 12.10)
    mingw (>= 1.1)
    seven_zip (>= 0.0.0)
  chef_handler (1.4.0)
  compat_resource (12.10.6)
  mingw (1.2.2)
    compat_resource (>= 0.0.0)
    seven_zip (>= 0.0.0)
  mongodb (0.16.2)
    apt (>= 1.8.2)
    python (>= 0.0.0)
    runit (>= 1.5.0)
    yum (>= 3.0)
  packagecloud (0.2.4)
  poise (2.7.1)
  poise-archive (1.2.0)
    poise (~> 2.6)
  poise-languages (1.4.0)
    poise (~> 2.5)
    poise-archive (~> 1.0)
  poise-python (1.4.0)
    poise (~> 2.7)
    poise-languages (~> 1.3)
  python (1.4.6)
    build-essential (>= 0.0.0)
    yum-epel (>= 0.0.0)
  runit (1.7.8)
    packagecloud (>= 0.0.0)
  seven_zip (2.0.1)
    windows (>= 1.2.2)
  windows (1.44.1)
    chef_handler (>= 0.0.0)
  yum (3.11.0)
  yum-epel (0.7.0)
    yum (>= 3.6.3)
